
Microsoft Visual Studio Solution File, Format Version 12.00
# Visual Studio Version 17
VisualStudioVersion = 17.13.35825.156 d17.13
MinimumVisualStudioVersion = 10.0.40219.1
Project("{FAE04EC0-301F-11D3-BF4B-00C04F79EFBC}") = "UTS_PBO", "UTS_PBO\UTS_PBO.csproj", "{D93F71B3-BBA9-4FC4-A536-0A0800A8C8AE}"
EndProject
Global
	GlobalSection(SolutionConfigurationPlatforms) = preSolution
		Debug|Any CPU = Debug|Any CPU
		Release|Any CPU = Release|Any CPU
	EndGlobalSection
	GlobalSection(ProjectConfigurationPlatforms) = postSolution
		{D93F71B3-BBA9-4FC4-A536-0A0800A8C8AE}.Debug|Any CPU.ActiveCfg = Debug|Any CPU
		{D93F71B3-BBA9-4FC4-A536-0A0800A8C8AE}.Debug|Any CPU.Build.0 = Debug|Any CPU
		{D93F71B3-BBA9-4FC4-A536-0A0800A8C8AE}.Release|Any CPU.ActiveCfg = Release|Any CPU
		{D93F71B3-BBA9-4FC4-A536-0A0800A8C8AE}.Release|Any CPU.Build.0 = Release|Any CPU
	EndGlobalSection
	GlobalSection(SolutionProperties) = preSolution
		HideSolutionNode = FALSE
	EndGlobalSection
	GlobalSection(ExtensibilityGlobals) = postSolution
		SolutionGuid = {9474CD4A-9A4A-42AB-8B16-D27C0DF15C85}
	EndGlobalSection
EndGlobal
